<?xml version="1.0" encoding="utf-8"?>
<Project ToolsVersion="4.0" xmlns="http://schemas.microsoft.com/developer/msbuild/2003">
  <ItemGroup>
    <Filter Include="Source Files">
      <UniqueIdentifier>{4FC737F1-C7A5-4376-A066-2A32D752A2FF}</UniqueIdentifier>
      <Extensions>cpp;c;cc;cxx;def;odl;idl;hpj;bat;asm;asmx</Extensions>
    </Filter>
    <Filter Include="Header Files">
      <UniqueIdentifier>{93995380-89BD-4b04-88EB-625FBE52EBFB}</UniqueIdentifier>
      <Extensions>h;hpp;hxx;hm;inl;inc;xsd</Extensions>
    </Filter>
    <Filter Include="Resource Files">
      <UniqueIdentifier>{67DA6AB6-F800-4c08-8B7A-83BB121AAD01}</UniqueIdentifier>
      <Extensions>rc;ico;cur;bmp;dlg;rc2;rct;bin;rgs;gif;jpg;jpeg;jpe;resx;tiff;tif;png;wav;mfcribbon-ms</Extensions>
    </Filter>
  </ItemGroup>
  <ItemGroup>
    <ClInclude Include="GalagaIOHandler.h">
      <Filter>Header Files</Filter>
    </ClInclude>
    <ClInclude Include="Namco54.h">
      <Filter>Header Files</Filter>
    </ClInclude>
    <ClInclude Include="Namco51.h">
      <Filter>Header Files</Filter>
    </ClInclude>
    <ClInclude Include="Namco06.h">
      <Filter>Header Files</Filter>
    </ClInclude>
    <ClInclude Include="GalagaMachine.h">
      <Filter>Header Files</Filter>
    </ClInclude>
    <ClInclude Include="Frame.h">
      <Filter>Header Files</Filter>
    </ClInclude>
    <ClInclude Include="Tile.h">
      <Filter>Header Files</Filter>
    </ClInclude>
    <ClInclude Include="ScreenDevice.h">
      <Filter>Header Files</Filter>
    </ClInclude>
    <ClInclude Include="Cpu2.h">
      <Filter>Header Files</Filter>
    </ClInclude>
    <ClInclude Include="Cpu3.h">
      <Filter>Header Files</Filter>
    </ClInclude>
    <ClInclude Include="MainCpu.h">
      <Filter>Header Files</Filter>
    </ClInclude>
    <ClInclude Include="GalagaInputPorts.h">
      <Filter>Header Files</Filter>
    </ClInclude>
    <ClInclude Include="Starfield.h">
      <Filter>Header Files</Filter>
    </ClInclude>
    <ClInclude Include="types.h">
      <Filter>Header Files</Filter>
    </ClInclude>
    <ClInclude Include="GalagaRoms.h">
      <Filter>Header Files</Filter>
    </ClInclude>
    <ClInclude Include="NamcoSound.h">
      <Filter>Header Files</Filter>
    </ClInclude>
    <ClInclude Include="DiscreteAudio.h">
      <Filter>Header Files</Filter>
    </ClInclude>
    <ClInclude Include="Audio.h">
      <Filter>Header Files</Filter>
    </ClInclude>
  </ItemGroup>
  <ItemGroup>
    <ClCompile Include="Namco54.cpp">
      <Filter>Source Files</Filter>
    </ClCompile>
    <ClCompile Include="Namco51.cpp">
      <Filter>Source Files</Filter>
    </ClCompile>
    <ClCompile Include="Namco06.cpp">
      <Filter>Source Files</Filter>
    </ClCompile>
    <ClCompile Include="GalagaMachine.cpp">
      <Filter>Source Files</Filter>
    </ClCompile>
    <ClCompile Include="ScreenDevice.cpp">
      <Filter>Source Files</Filter>
    </ClCompile>
    <ClCompile Include="Cpu2.cpp">
      <Filter>Source Files</Filter>
    </ClCompile>
    <ClCompile Include="Cpu3.cpp">
      <Filter>Source Files</Filter>
    </ClCompile>
    <ClCompile Include="MainCpu.cpp">
      <Filter>Source Files</Filter>
    </ClCompile>
    <ClCompile Include="GalagaInputPorts.cpp">
      <Filter>Source Files</Filter>
    </ClCompile>
    <ClCompile Include="Starfield.cpp">
      <Filter>Source Files</Filter>
    </ClCompile>
    <ClCompile Include="GalagaRoms.cpp">
      <Filter>Source Files</Filter>
    </ClCompile>
    <ClCompile Include="NamcoSound.cpp">
      <Filter>Source Files</Filter>
    </ClCompile>
    <ClCompile Include="DiscreteAudio.cpp">
      <Filter>Source Files</Filter>
    </ClCompile>
    <ClCompile Include="Audio.cpp">
      <Filter>Source Files</Filter>
    </ClCompile>
  </ItemGroup>
</Project>